
Microsoft Visual Studio Solution File, Format Version 12.00
# Visual Studio 15
VisualStudioVersion = 15.0.27428.2015
MinimumVisualStudioVersion = 10.0.40219.1
Project("{FAE04EC0-301F-11D3-BF4B-00C04F79EFBC}") = "MyNotes", "MyNotes\MyNotes.csproj", "{B27C0692-7B29-423A-A843-38279A334D1D}"
EndProject
Global
	GlobalSection(SolutionConfigurationPlatforms) = preSolution
		Debug|Any CPU = Debug|Any CPU
		Release|Any CPU = Release|Any CPU
	EndGlobalSection
	GlobalSection(ProjectConfigurationPlatforms) = postSolution
		{B27C0692-7B29-423A-A843-38279A334D1D}.Debug|Any CPU.ActiveCfg = Debug|Any CPU
		{B27C0692-7B29-423A-A843-38279A334D1D}.Debug|Any CPU.Build.0 = Debug|Any CPU
		{B27C0692-7B29-423A-A843-38279A334D1D}.Release|Any CPU.ActiveCfg = Release|Any CPU
		{B27C0692-7B29-423A-A843-38279A334D1D}.Release|Any CPU.Build.0 = Release|Any CPU
	EndGlobalSection
	GlobalSection(SolutionProperties) = preSolution
		HideSolutionNode = FALSE
	EndGlobalSection
	GlobalSection(ExtensibilityGlobals) = postSolution
		SolutionGuid = {F24169C6-A654-4BDF-8687-C9C6A88429EC}
	EndGlobalSection
EndGlobal
